
Microsoft Visual Studio Solution File, Format Version 12.00
# Visual Studio Version 16
VisualStudioVersion = 16.0.31729.503
MinimumVisualStudioVersion = 10.0.40219.1
Project("{FAE04EC0-301F-11D3-BF4B-00C04F79EFBC}") = "RP.Deployer", "RP.Deployer\RP.Deployer.csproj", "{2EC51951-2DFC-442E-BB34-8290EB447E62}"
EndProject
Project("{FAE04EC0-301F-11D3-BF4B-00C04F79EFBC}") = "RP.Deployer.Generator", "RP.Deployer.Generator\RP.Deployer.Generator.csproj", "{39E1C914-0253-4A6F-94E7-E56F8A2932BE}"
EndProject
Project("{FAE04EC0-301F-11D3-BF4B-00C04F79EFBC}") = "RP.Deployer.Commons", "RP.Deployer.Commons\RP.Deployer.Commons.csproj", "{8C7E2627-FE6B-45EF-B1F9-3B1253F8CE5F}"
EndProject
Global
	GlobalSection(SolutionConfigurationPlatforms) = preSolution
		Debug|Any CPU = Debug|Any CPU
		Release|Any CPU = Release|Any CPU
	EndGlobalSection
	GlobalSection(ProjectConfigurationPlatforms) = postSolution
		{2EC51951-2DFC-442E-BB34-8290EB447E62}.Debug|Any CPU.ActiveCfg = Debug|Any CPU
		{2EC51951-2DFC-442E-BB34-8290EB447E62}.Debug|Any CPU.Build.0 = Debug|Any CPU
		{2EC51951-2DFC-442E-BB34-8290EB447E62}.Release|Any CPU.ActiveCfg = Release|Any CPU
		{2EC51951-2DFC-442E-BB34-8290EB447E62}.Release|Any CPU.Build.0 = Release|Any CPU
		{39E1C914-0253-4A6F-94E7-E56F8A2932BE}.Debug|Any CPU.ActiveCfg = Debug|Any CPU
		{39E1C914-0253-4A6F-94E7-E56F8A2932BE}.Debug|Any CPU.Build.0 = Debug|Any CPU
		{39E1C914-0253-4A6F-94E7-E56F8A2932BE}.Release|Any CPU.ActiveCfg = Release|Any CPU
		{39E1C914-0253-4A6F-94E7-E56F8A2932BE}.Release|Any CPU.Build.0 = Release|Any CPU
		{8C7E2627-FE6B-45EF-B1F9-3B1253F8CE5F}.Debug|Any CPU.ActiveCfg = Debug|Any CPU
		{8C7E2627-FE6B-45EF-B1F9-3B1253F8CE5F}.Debug|Any CPU.Build.0 = Debug|Any CPU
		{8C7E2627-FE6B-45EF-B1F9-3B1253F8CE5F}.Release|Any CPU.ActiveCfg = Release|Any CPU
		{8C7E2627-FE6B-45EF-B1F9-3B1253F8CE5F}.Release|Any CPU.Build.0 = Release|Any CPU
	EndGlobalSection
	GlobalSection(SolutionProperties) = preSolution
		HideSolutionNode = FALSE
	EndGlobalSection
	GlobalSection(ExtensibilityGlobals) = postSolution
		SolutionGuid = {BABEEA81-EAAE-4043-AD6A-019DC4608449}
	EndGlobalSection
EndGlobal
